PODS:
  - BaseDevtool (4.0.1):
    - BaseDevtool/framework (= 4.0.1)
  - BaseDevtool/framework (4.0.1):
    - DebugRouter (>= 5.0.15)
    - Lynx (= 4.0.1)
    - LynxBase (= 4.0.1)
  - DebugRouter (5.0.15):
    - DebugRouter/Framework (= 5.0.15)
    - DebugRouter/Native (= 5.0.15)
    - DebugRouter/third_party (= 5.0.15)
  - DebugRouter/Framework (5.0.15):
    - DebugRouter/Native
  - DebugRouter/Native (5.0.15):
    - DebugRouter/third_party
  - DebugRouter/third_party (5.0.15):
    - DebugRouter/third_party/jsoncpp (= 5.0.15)
  - DebugRouter/third_party/jsoncpp (5.0.15)
  - libwebp (1.5.0):
    - libwebp/demux (= 1.5.0)
    - libwebp/mux (= 1.5.0)
    - libwebp/sharpyuv (= 1.5.0)
    - libwebp/webp (= 1.5.0)
  - libwebp/demux (1.5.0):
    - libwebp/webp
  - libwebp/mux (1.5.0):
    - libwebp/demux
  - libwebp/sharpyuv (1.5.0)
  - libwebp/webp (1.5.0):
    - libwebp/sharpyuv
  - Lynx (4.0.1):
    - Lynx/Framework (= 4.0.1)
  - Lynx/Framework (4.0.1):
    - Lynx/ReleaseResource
    - LynxBase/Framework
    - LynxServiceAPI
    - PrimJS/napi/env
    - PrimJS/napi/jsc
    - PrimJS/napi/quickjs
    - PrimJS/quickjs (= 4.0.0)
  - Lynx/ReleaseResource (4.0.1)
  - LynxBase (4.0.1):
    - LynxBase/Framework (= 4.0.1)
  - LynxBase/Framework (4.0.1):
    - LynxServiceAPI/Core
  - LynxDevtool (4.0.1):
    - LynxDevtool/Framework (= 4.0.1)
    - LynxDevtool/LynxCore (= 4.0.1)
    - LynxDevtool/LynxRecorder (= 4.0.1)
  - LynxDevtool/Framework (4.0.1):
    - BaseDevtool (= 4.0.1)
    - DebugRouter (>= 5.0.15)
    - Lynx (= 4.0.1)
    - LynxBase (= 4.0.1)
    - LynxDevtool/Framework/zlib (= 4.0.1)
    - LynxDevtool/LynxCore
    - PrimJS/quickjs_debugger
    - PrimJS/quickjs_heapprofiler
    - PrimJS/quickjs_profiler
    - SocketRocket
  - LynxDevtool/Framework/zlib (4.0.1):
    - BaseDevtool (= 4.0.1)
    - DebugRouter (>= 5.0.15)
    - Lynx (= 4.0.1)
    - LynxBase (= 4.0.1)
    - LynxDevtool/LynxCore
    - PrimJS/quickjs_debugger
    - PrimJS/quickjs_heapprofiler
    - PrimJS/quickjs_profiler
    - SocketRocket
  - LynxDevtool/LynxCore (4.0.1)
  - LynxDevtool/LynxRecorder (4.0.1):
    - LynxDevtool/Framework
  - LynxService (4.0.1):
    - LynxService/Devtool (= 4.0.1)
    - LynxService/Http (= 4.0.1)
    - LynxService/Image (= 4.0.1)
    - LynxService/Log (= 4.0.1)
  - LynxService/Devtool (4.0.1):
    - Lynx (= 4.0.1)
    - LynxDevtool (= 4.0.1)
    - LynxServiceAPI (= 4.0.1)
  - LynxService/Http (4.0.1):
    - Lynx (= 4.0.1)
    - LynxServiceAPI (= 4.0.1)
  - LynxService/Image (4.0.1):
    - Lynx (= 4.0.1)
    - LynxServiceAPI (= 4.0.1)
    - SDWebImage (= 5.15.5)
    - SDWebImageWebPCoder (= 0.11.0)
  - LynxService/Log (4.0.1):
    - Lynx (= 4.0.1)
    - LynxBase (= 4.0.1)
    - LynxServiceAPI (= 4.0.1)
  - LynxServiceAPI (4.0.1):
    - LynxServiceAPI/Core (= 4.0.1)
  - LynxServiceAPI/Core (4.0.1)
  - PrimJS/log (4.0.0)
  - PrimJS/napi/core (4.0.0)
  - PrimJS/napi/env (4.0.0):
    - PrimJS/napi/core
  - PrimJS/napi/jsc (4.0.0):
    - PrimJS/log
    - PrimJS/napi/core
    - PrimJS/quickjs
  - PrimJS/napi/quickjs (4.0.0):
    - PrimJS/napi/core
    - PrimJS/quickjs
  - PrimJS/quickjs (4.0.0):
    - PrimJS/log
  - PrimJS/quickjs_debugger (4.0.0):
    - PrimJS/quickjs
  - PrimJS/quickjs_heapprofiler (4.0.0):
    - PrimJS/quickjs_debugger
  - PrimJS/quickjs_profiler (4.0.0):
    - PrimJS/quickjs_debugger
  - RustraLynx (0.1.0):
    - Lynx
    - LynxService
  - SDWebImage (5.15.5):
    - SDWebImage/Core (= 5.15.5)
  - SDWebImage/Core (5.15.5)
  - SDWebImageWebPCoder (0.11.0):
    - libwebp (~> 1.0)
    - SDWebImage/Core (~> 5.15)
  - SocketRocket (0.7.1)

DEPENDENCIES:
  - Lynx
  - LynxService
  - RustraLynx (from `../modules/rustra-lynx/ios`)

SPEC REPOS:
  trunk:
    - BaseDevtool
    - DebugRouter
    - libwebp
    - Lynx
    - LynxBase
    - LynxDevtool
    - LynxService
    - LynxServiceAPI
    - PrimJS
    - SDWebImage
    - SDWebImageWebPCoder
    - SocketRocket

EXTERNAL SOURCES:
  RustraLynx:
    :path: "../modules/rustra-lynx/ios"

SPEC CHECKSUMS:
  BaseDevtool: 873867f035e6d08545c79466eaea748706ccd8f0
  DebugRouter: f0323a03519feabd12f553f0da7ac7931873a0ea
  libwebp: 02b23773aedb6ff1fd38cec7a77b81414c6842a8
  Lynx: 1a461f83f48104309f7e2031dabf3af84b181807
  LynxBase: 5ca5092517e6460e0df6ad9b49fca76396c058d8
  LynxDevtool: 953bfc73918a0eec65f6a5bf60a3e6f52a4134c4
  LynxService: f447c67687d3ea66eec94e10b7564996e67c06dc
  LynxServiceAPI: 67ae06f77e45c80f0ecaa6705d126ac3b4b8dff4
  PrimJS: f048efc0923e73cde312466a110516f56b70834d
  RustraLynx: 292e44c6e38ecfb029983f97f8f88aa593bca83e
  SDWebImage: fd7e1a22f00303e058058278639bf6196ee431fe
  SDWebImageWebPCoder: 295a6573c512f54ad2dd58098e64e17dcf008499
  SocketRocket: d4aabe649be1e368d1318fdf28a022d714d65748

PODFILE CHECKSUM: 659aaee4956a0e0032eaf21b27463d07b13da19d

COCOAPODS: 1.16.2
